
Microsoft Visual Studio Solution File, Format Version 12.00
# Visual Studio Version 17
VisualStudioVersion = 17.6.33712.159
MinimumVisualStudioVersion = 10.0.40219.1
Project("{8BC9CEB8-8B4A-11D0-8D11-00A0C91BC942}") = "6-huffman", "6-huffman\6-huffman.vcxproj", "{D817CE3C-769F-473B-8EFD-755C064F2BC7}"
EndProject
Global
	GlobalSection(SolutionConfigurationPlatforms) = preSolution
		Debug|x64 = Debug|x64
		Debug|x86 = Debug|x86
		Release|x64 = Release|x64
		Release|x86 = Release|x86
	EndGlobalSection
	GlobalSection(ProjectConfigurationPlatforms) = postSolution
		{D817CE3C-769F-473B-8EFD-755C064F2BC7}.Debug|x64.ActiveCfg = Debug|x64
		{D817CE3C-769F-473B-8EFD-755C064F2BC7}.Debug|x64.Build.0 = Debug|x64
		{D817CE3C-769F-473B-8EFD-755C064F2BC7}.Debug|x86.ActiveCfg = Debug|Win32
		{D817CE3C-769F-473B-8EFD-755C064F2BC7}.Debug|x86.Build.0 = Debug|Win32
		{D817CE3C-769F-473B-8EFD-755C064F2BC7}.Release|x64.ActiveCfg = Release|x64
		{D817CE3C-769F-473B-8EFD-755C064F2BC7}.Release|x64.Build.0 = Release|x64
		{D817CE3C-769F-473B-8EFD-755C064F2BC7}.Release|x86.ActiveCfg = Release|Win32
		{D817CE3C-769F-473B-8EFD-755C064F2BC7}.Release|x86.Build.0 = Release|Win32
	EndGlobalSection
	GlobalSection(SolutionProperties) = preSolution
		HideSolutionNode = FALSE
	EndGlobalSection
	GlobalSection(ExtensibilityGlobals) = postSolution
		SolutionGuid = {F0A3B98B-64A7-4915-9C25-9F59ACD9B130}
	EndGlobalSection
EndGlobal
