
Microsoft Visual Studio Solution File, Format Version 12.00
# Visual Studio Version 17
VisualStudioVersion = 17.6.33712.159
MinimumVisualStudioVersion = 10.0.40219.1
Project("{8BC9CEB8-8B4A-11D0-8D11-00A0C91BC942}") = "8-findmst", "8-findmst\8-findmst.vcxproj", "{04E7D817-FC8B-4A45-B0A9-0FFC44F3F840}"
EndProject
Global
	GlobalSection(SolutionConfigurationPlatforms) = preSolution
		Debug|x64 = Debug|x64
		Debug|x86 = Debug|x86
		Release|x64 = Release|x64
		Release|x86 = Release|x86
	EndGlobalSection
	GlobalSection(ProjectConfigurationPlatforms) = postSolution
		{04E7D817-FC8B-4A45-B0A9-0FFC44F3F840}.Debug|x64.ActiveCfg = Debug|x64
		{04E7D817-FC8B-4A45-B0A9-0FFC44F3F840}.Debug|x64.Build.0 = Debug|x64
		{04E7D817-FC8B-4A45-B0A9-0FFC44F3F840}.Debug|x86.ActiveCfg = Debug|Win32
		{04E7D817-FC8B-4A45-B0A9-0FFC44F3F840}.Debug|x86.Build.0 = Debug|Win32
		{04E7D817-FC8B-4A45-B0A9-0FFC44F3F840}.Release|x64.ActiveCfg = Release|x64
		{04E7D817-FC8B-4A45-B0A9-0FFC44F3F840}.Release|x64.Build.0 = Release|x64
		{04E7D817-FC8B-4A45-B0A9-0FFC44F3F840}.Release|x86.ActiveCfg = Release|Win32
		{04E7D817-FC8B-4A45-B0A9-0FFC44F3F840}.Release|x86.Build.0 = Release|Win32
	EndGlobalSection
	GlobalSection(SolutionProperties) = preSolution
		HideSolutionNode = FALSE
	EndGlobalSection
	GlobalSection(ExtensibilityGlobals) = postSolution
		SolutionGuid = {02E960B6-A3BC-4C3C-8F15-7EE2F21C3963}
	EndGlobalSection
EndGlobal
